
Microsoft Visual Studio Solution File, Format Version 12.00
# Visual Studio Version 16
VisualStudioVersion = 16.0.31424.327
MinimumVisualStudioVersion = 10.0.40219.1
Project("{FAE04EC0-301F-11D3-BF4B-00C04F79EFBC}") = "LDBookingApp.UWP", "LDBookingApp\LDBookingApp.UWP\LDBookingApp.UWP.csproj", "{EF08C9B7-5DAB-4B7D-8D9F-508089FD8858}"
EndProject
Project("{FAE04EC0-301F-11D3-BF4B-00C04F79EFBC}") = "LDBookingApp.Android", "LDBookingApp\LDBookingApp.Android\LDBookingApp.Android.csproj", "{14349671-B408-4CE6-9E5B-1130C5BF931A}"
EndProject
Project("{FAE04EC0-301F-11D3-BF4B-00C04F79EFBC}") = "LDBookingApp.iOS", "LDBookingApp\LDBookingApp.iOS\LDBookingApp.iOS.csproj", "{8180E5B7-ECA5-453D-92B2-146EB5730865}"
EndProject
Project("{FAE04EC0-301F-11D3-BF4B-00C04F79EFBC}") = "LDBookingApp", "LDBookingApp\LDBookingApp\LDBookingApp.csproj", "{935AB868-53AC-47A7-9AFA-76A91886EB34}"
EndProject
Global
	GlobalSection(SolutionConfigurationPlatforms) = preSolution
		Debug|Any CPU = Debug|Any CPU
		Debug|ARM = Debug|ARM
		Debug|iPhone = Debug|iPhone
		Debug|iPhoneSimulator = Debug|iPhoneSimulator
		Debug|x64 = Debug|x64
		Debug|x86 = Debug|x86
		Release|Any CPU = Release|Any CPU
		Release|ARM = Release|ARM
		Release|iPhone = Release|iPhone
		Release|iPhoneSimulator = Release|iPhoneSimulator
		Release|x64 = Release|x64
		Release|x86 = Release|x86
	EndGlobalSection
	GlobalSection(ProjectConfigurationPlatforms) = postSolution
		{EF08C9B7-5DAB-4B7D-8D9F-508089FD8858}.Debug|Any CPU.ActiveCfg = Debug|x86
		{EF08C9B7-5DAB-4B7D-8D9F-508089FD8858}.Debug|Any CPU.Build.0 = Debug|x86
		{EF08C9B7-5DAB-4B7D-8D9F-508089FD8858}.Debug|Any CPU.Deploy.0 = Debug|x86
		{EF08C9B7-5DAB-4B7D-8D9F-508089FD8858}.Debug|ARM.ActiveCfg = Debug|ARM
		{EF08C9B7-5DAB-4B7D-8D9F-508089FD8858}.Debug|ARM.Build.0 = Debug|ARM
		{EF08C9B7-5DAB-4B7D-8D9F-508089FD8858}.Debug|ARM.Deploy.0 = Debug|ARM
		{EF08C9B7-5DAB-4B7D-8D9F-508089FD8858}.Debug|iPhone.ActiveCfg = Debug|x86
		{EF08C9B7-5DAB-4B7D-8D9F-508089FD8858}.Debug|iPhone.Build.0 = Debug|x86
		{EF08C9B7-5DAB-4B7D-8D9F-508089FD8858}.Debug|iPhone.Deploy.0 = Debug|x86
		{EF08C9B7-5DAB-4B7D-8D9F-508089FD8858}.Debug|iPhoneSimulator.ActiveCfg = Debug|x86
		{EF08C9B7-5DAB-4B7D-8D9F-508089FD8858}.Debug|iPhoneSimulator.Build.0 = Debug|x86
		{EF08C9B7-5DAB-4B7D-8D9F-508089FD8858}.Debug|iPhoneSimulator.Deploy.0 = Debug|x86
		{EF08C9B7-5DAB-4B7D-8D9F-508089FD8858}.Debug|x64.ActiveCfg = Debug|x64
		{EF08C9B7-5DAB-4B7D-8D9F-508089FD8858}.Debug|x64.Build.0 = Debug|x64
		{EF08C9B7-5DAB-4B7D-8D9F-508089FD8858}.Debug|x64.Deploy.0 = Debug|x64
		{EF08C9B7-5DAB-4B7D-8D9F-508089FD8858}.Debug|x86.ActiveCfg = Debug|x86
		{EF08C9B7-5DAB-4B7D-8D9F-508089FD8858}.Debug|x86.Build.0 = Debug|x86
		{EF08C9B7-5DAB-4B7D-8D9F-508089FD8858}.Debug|x86.Deploy.0 = Debug|x86
		{EF08C9B7-5DAB-4B7D-8D9F-508089FD8858}.Release|Any CPU.ActiveCfg = Release|x86
		{EF08C9B7-5DAB-4B7D-8D9F-508089FD8858}.Release|Any CPU.Build.0 = Release|x86
		{EF08C9B7-5DAB-4B7D-8D9F-508089FD8858}.Release|Any CPU.Deploy.0 = Release|x86
		{EF08C9B7-5DAB-4B7D-8D9F-508089FD8858}.Release|ARM.ActiveCfg = Release|ARM
		{EF08C9B7-5DAB-4B7D-8D9F-508089FD8858}.Release|ARM.Build.0 = Release|ARM
		{EF08C9B7-5DAB-4B7D-8D9F-508089FD8858}.Release|ARM.Deploy.0 = Release|ARM
		{EF08C9B7-5DAB-4B7D-8D9F-508089FD8858}.Release|iPhone.ActiveCfg = Release|x86
		{EF08C9B7-5DAB-4B7D-8D9F-508089FD8858}.Release|iPhone.Build.0 = Release|x86
		{EF08C9B7-5DAB-4B7D-8D9F-508089FD8858}.Release|iPhone.Deploy.0 = Release|x86
		{EF08C9B7-5DAB-4B7D-8D9F-508089FD8858}.Release|iPhoneSimulator.ActiveCfg = Release|x86
		{EF08C9B7-5DAB-4B7D-8D9F-508089FD8858}.Release|iPhoneSimulator.Build.0 = Release|x86
		{EF08C9B7-5DAB-4B7D-8D9F-508089FD8858}.Release|iPhoneSimulator.Deploy.0 = Release|x86
		{EF08C9B7-5DAB-4B7D-8D9F-508089FD8858}.Release|x64.ActiveCfg = Release|x64
		{EF08C9B7-5DAB-4B7D-8D9F-508089FD8858}.Release|x64.Build.0 = Release|x64
		{EF08C9B7-5DAB-4B7D-8D9F-508089FD8858}.Release|x64.Deploy.0 = Release|x64
		{EF08C9B7-5DAB-4B7D-8D9F-508089FD8858}.Release|x86.ActiveCfg = Release|x86
		{EF08C9B7-5DAB-4B7D-8D9F-508089FD8858}.Release|x86.Build.0 = Release|x86
		{EF08C9B7-5DAB-4B7D-8D9F-508089FD8858}.Release|x86.Deploy.0 = Release|x86
		{14349671-B408-4CE6-9E5B-1130C5BF931A}.Debug|Any CPU.ActiveCfg = Debug|Any CPU
		{14349671-B408-4CE6-9E5B-1130C5BF931A}.Debug|Any CPU.Build.0 = Debug|Any CPU
		{14349671-B408-4CE6-9E5B-1130C5BF931A}.Debug|Any CPU.Deploy.0 = Debug|Any CPU
		{14349671-B408-4CE6-9E5B-1130C5BF931A}.Debug|ARM.ActiveCfg = Debug|Any CPU
		{14349671-B408-4CE6-9E5B-1130C5BF931A}.Debug|ARM.Build.0 = Debug|Any CPU
		{14349671-B408-4CE6-9E5B-1130C5BF931A}.Debug|ARM.Deploy.0 = Debug|Any CPU
		{14349671-B408-4CE6-9E5B-1130C5BF931A}.Debug|iPhone.ActiveCfg = Debug|Any CPU
		{14349671-B408-4CE6-9E5B-1130C5BF931A}.Debug|iPhone.Build.0 = Debug|Any CPU
		{14349671-B408-4CE6-9E5B-1130C5BF931A}.Debug|iPhone.Deploy.0 = Debug|Any CPU
		{14349671-B408-4CE6-9E5B-1130C5BF931A}.Debug|iPhoneSimulator.ActiveCfg = Debug|Any CPU
		{14349671-B408-4CE6-9E5B-1130C5BF931A}.Debug|iPhoneSimulator.Build.0 = Debug|Any CPU
		{14349671-B408-4CE6-9E5B-1130C5BF931A}.Debug|iPhoneSimulator.Deploy.0 = Debug|Any CPU
		{14349671-B408-4CE6-9E5B-1130C5BF931A}.Debug|x64.ActiveCfg = Debug|Any CPU
		{14349671-B408-4CE6-9E5B-1130C5BF931A}.Debug|x64.Build.0 = Debug|Any CPU
		{14349671-B408-4CE6-9E5B-1130C5BF931A}.Debug|x64.Deploy.0 = Debug|Any CPU
		{14349671-B408-4CE6-9E5B-1130C5BF931A}.Debug|x86.ActiveCfg = Debug|Any CPU
		{14349671-B408-4CE6-9E5B-1130C5BF931A}.Debug|x86.Build.0 = Debug|Any CPU
		{14349671-B408-4CE6-9E5B-1130C5BF931A}.Debug|x86.Deploy.0 = Debug|Any CPU
		{14349671-B408-4CE6-9E5B-1130C5BF931A}.Release|Any CPU.ActiveCfg = Release|Any CPU
		{14349671-B408-4CE6-9E5B-1130C5BF931A}.Release|Any CPU.Build.0 = Release|Any CPU
		{14349671-B408-4CE6-9E5B-1130C5BF931A}.Release|Any CPU.Deploy.0 = Release|Any CPU
		{14349671-B408-4CE6-9E5B-1130C5BF931A}.Release|ARM.ActiveCfg = Release|Any CPU
		{14349671-B408-4CE6-9E5B-1130C5BF931A}.Release|ARM.Build.0 = Release|Any CPU
		{14349671-B408-4CE6-9E5B-1130C5BF931A}.Release|ARM.Deploy.0 = Release|Any CPU
		{14349671-B408-4CE6-9E5B-1130C5BF931A}.Release|iPhone.ActiveCfg = Release|Any CPU
		{14349671-B408-4CE6-9E5B-1130C5BF931A}.Release|iPhone.Build.0 = Release|Any CPU
		{14349671-B408-4CE6-9E5B-1130C5BF931A}.Release|iPhone.Deploy.0 = Release|Any CPU
		{14349671-B408-4CE6-9E5B-1130C5BF931A}.Release|iPhoneSimulator.ActiveCfg = Release|Any CPU
		{14349671-B408-4CE6-9E5B-1130C5BF931A}.Release|iPhoneSimulator.Build.0 = Release|Any CPU
		{14349671-B408-4CE6-9E5B-1130C5BF931A}.Release|iPhoneSimulator.Deploy.0 = Release|Any CPU
		{14349671-B408-4CE6-9E5B-1130C5BF931A}.Release|x64.ActiveCfg = Release|Any CPU
		{14349671-B408-4CE6-9E5B-1130C5BF931A}.Release|x64.Build.0 = Release|Any CPU
		{14349671-B408-4CE6-9E5B-1130C5BF931A}.Release|x64.Deploy.0 = Release|Any CPU
		{14349671-B408-4CE6-9E5B-1130C5BF931A}.Release|x86.ActiveCfg = Release|Any CPU
		{14349671-B408-4CE6-9E5B-1130C5BF931A}.Release|x86.Build.0 = Release|Any CPU
		{14349671-B408-4CE6-9E5B-1130C5BF931A}.Release|x86.Deploy.0 = Release|Any CPU
		{8180E5B7-ECA5-453D-92B2-146EB5730865}.Debug|Any CPU.ActiveCfg = Debug|iPhoneSimulator
		{8180E5B7-ECA5-453D-92B2-146EB5730865}.Debug|Any CPU.Build.0 = Debug|iPhoneSimulator
		{8180E5B7-ECA5-453D-92B2-146EB5730865}.Debug|Any CPU.Deploy.0 = Debug|iPhoneSimulator
		{8180E5B7-ECA5-453D-92B2-146EB5730865}.Debug|ARM.ActiveCfg = Debug|iPhone
		{8180E5B7-ECA5-453D-92B2-146EB5730865}.Debug|ARM.Build.0 = Debug|iPhone
		{8180E5B7-ECA5-453D-92B2-146EB5730865}.Debug|ARM.Deploy.0 = Debug|iPhone
		{8180E5B7-ECA5-453D-92B2-146EB5730865}.Debug|iPhone.ActiveCfg = Debug|iPhone
		{8180E5B7-ECA5-453D-92B2-146EB5730865}.Debug|iPhone.Build.0 = Debug|iPhone
		{8180E5B7-ECA5-453D-92B2-146EB5730865}.Debug|iPhone.Deploy.0 = Debug|iPhone
		{8180E5B7-ECA5-453D-92B2-146EB5730865}.Debug|iPhoneSimulator.ActiveCfg = Debug|iPhoneSimulator
		{8180E5B7-ECA5-453D-92B2-146EB5730865}.Debug|iPhoneSimulator.Build.0 = Debug|iPhoneSimulator
		{8180E5B7-ECA5-453D-92B2-146EB5730865}.Debug|iPhoneSimulator.Deploy.0 = Debug|iPhoneSimulator
		{8180E5B7-ECA5-453D-92B2-146EB5730865}.Debug|x64.ActiveCfg = Debug|iPhoneSimulator
		{8180E5B7-ECA5-453D-92B2-146EB5730865}.Debug|x64.Build.0 = Debug|iPhoneSimulator
		{8180E5B7-ECA5-453D-92B2-146EB5730865}.Debug|x64.Deploy.0 = Debug|iPhoneSimulator
		{8180E5B7-ECA5-453D-92B2-146EB5730865}.Debug|x86.ActiveCfg = Debug|iPhoneSimulator
		{8180E5B7-ECA5-453D-92B2-146EB5730865}.Debug|x86.Build.0 = Debug|iPhoneSimulator
		{8180E5B7-ECA5-453D-92B2-146EB5730865}.Debug|x86.Deploy.0 = Debug|iPhoneSimulator
		{8180E5B7-ECA5-453D-92B2-146EB5730865}.Release|Any CPU.ActiveCfg = Release|iPhoneSimulator
		{8180E5B7-ECA5-453D-92B2-146EB5730865}.Release|Any CPU.Build.0 = Release|iPhoneSimulator
		{8180E5B7-ECA5-453D-92B2-146EB5730865}.Release|Any CPU.Deploy.0 = Release|iPhoneSimulator
		{8180E5B7-ECA5-453D-92B2-146EB5730865}.Release|ARM.ActiveCfg = Release|iPhoneSimulator
		{8180E5B7-ECA5-453D-92B2-146EB5730865}.Release|ARM.Build.0 = Release|iPhoneSimulator
		{8180E5B7-ECA5-453D-92B2-146EB5730865}.Release|ARM.Deploy.0 = Release|iPhoneSimulator
		{8180E5B7-ECA5-453D-92B2-146EB5730865}.Release|iPhone.ActiveCfg = Release|iPhone
		{8180E5B7-ECA5-453D-92B2-146EB5730865}.Release|iPhone.Build.0 = Release|iPhone
		{8180E5B7-ECA5-453D-92B2-146EB5730865}.Release|iPhone.Deploy.0 = Release|iPhone
		{8180E5B7-ECA5-453D-92B2-146EB5730865}.Release|iPhoneSimulator.ActiveCfg = Release|iPhoneSimulator
		{8180E5B7-ECA5-453D-92B2-146EB5730865}.Release|iPhoneSimulator.Build.0 = Release|iPhoneSimulator
		{8180E5B7-ECA5-453D-92B2-146EB5730865}.Release|iPhoneSimulator.Deploy.0 = Release|iPhoneSimulator
		{8180E5B7-ECA5-453D-92B2-146EB5730865}.Release|x64.ActiveCfg = Release|iPhoneSimulator
		{8180E5B7-ECA5-453D-92B2-146EB5730865}.Release|x64.Build.0 = Release|iPhoneSimulator
		{8180E5B7-ECA5-453D-92B2-146EB5730865}.Release|x64.Deploy.0 = Release|iPhoneSimulator
		{8180E5B7-ECA5-453D-92B2-146EB5730865}.Release|x86.ActiveCfg = Release|iPhoneSimulator
		{8180E5B7-ECA5-453D-92B2-146EB5730865}.Release|x86.Build.0 = Release|iPhoneSimulator
		{8180E5B7-ECA5-453D-92B2-146EB5730865}.Release|x86.Deploy.0 = Release|iPhoneSimulator
		{935AB868-53AC-47A7-9AFA-76A91886EB34}.Debug|Any CPU.ActiveCfg = Debug|Any CPU
		{935AB868-53AC-47A7-9AFA-76A91886EB34}.Debug|Any CPU.Build.0 = Debug|Any CPU
		{935AB868-53AC-47A7-9AFA-76A91886EB34}.Debug|Any CPU.Deploy.0 = Debug|Any CPU
		{935AB868-53AC-47A7-9AFA-76A91886EB34}.Debug|ARM.ActiveCfg = Debug|Any CPU
		{935AB868-53AC-47A7-9AFA-76A91886EB34}.Debug|ARM.Build.0 = Debug|Any CPU
		{935AB868-53AC-47A7-9AFA-76A91886EB34}.Debug|ARM.Deploy.0 = Debug|Any CPU
		{935AB868-53AC-47A7-9AFA-76A91886EB34}.Debug|iPhone.ActiveCfg = Debug|Any CPU
		{935AB868-53AC-47A7-9AFA-76A91886EB34}.Debug|iPhone.Build.0 = Debug|Any CPU
		{935AB868-53AC-47A7-9AFA-76A91886EB34}.Debug|iPhone.Deploy.0 = Debug|Any CPU
		{935AB868-53AC-47A7-9AFA-76A91886EB34}.Debug|iPhoneSimulator.ActiveCfg = Debug|Any CPU
		{935AB868-53AC-47A7-9AFA-76A91886EB34}.Debug|iPhoneSimulator.Build.0 = Debug|Any CPU
		{935AB868-53AC-47A7-9AFA-76A91886EB34}.Debug|iPhoneSimulator.Deploy.0 = Debug|Any CPU
		{935AB868-53AC-47A7-9AFA-76A91886EB34}.Debug|x64.ActiveCfg = Debug|Any CPU
		{935AB868-53AC-47A7-9AFA-76A91886EB34}.Debug|x64.Build.0 = Debug|Any CPU
		{935AB868-53AC-47A7-9AFA-76A91886EB34}.Debug|x64.Deploy.0 = Debug|Any CPU
		{935AB868-53AC-47A7-9AFA-76A91886EB34}.Debug|x86.ActiveCfg = Debug|Any CPU
		{935AB868-53AC-47A7-9AFA-76A91886EB34}.Debug|x86.Build.0 = Debug|Any CPU
		{935AB868-53AC-47A7-9AFA-76A91886EB34}.Debug|x86.Deploy.0 = Debug|Any CPU
		{935AB868-53AC-47A7-9AFA-76A91886EB34}.Release|Any CPU.ActiveCfg = Release|Any CPU
		{935AB868-53AC-47A7-9AFA-76A91886EB34}.Release|Any CPU.Build.0 = Release|Any CPU
		{935AB868-53AC-47A7-9AFA-76A91886EB34}.Release|Any CPU.Deploy.0 = Release|Any CPU
		{935AB868-53AC-47A7-9AFA-76A91886EB34}.Release|ARM.ActiveCfg = Release|Any CPU
		{935AB868-53AC-47A7-9AFA-76A91886EB34}.Release|ARM.Build.0 = Release|Any CPU
		{935AB868-53AC-47A7-9AFA-76A91886EB34}.Release|ARM.Deploy.0 = Release|Any CPU
		{935AB868-53AC-47A7-9AFA-76A91886EB34}.Release|iPhone.ActiveCfg = Release|Any CPU
		{935AB868-53AC-47A7-9AFA-76A91886EB34}.Release|iPhone.Build.0 = Release|Any CPU
		{935AB868-53AC-47A7-9AFA-76A91886EB34}.Release|iPhone.Deploy.0 = Release|Any CPU
		{935AB868-53AC-47A7-9AFA-76A91886EB34}.Release|iPhoneSimulator.ActiveCfg = Release|Any CPU
		{935AB868-53AC-47A7-9AFA-76A91886EB34}.Release|iPhoneSimulator.Build.0 = Release|Any CPU
		{935AB868-53AC-47A7-9AFA-76A91886EB34}.Release|iPhoneSimulator.Deploy.0 = Release|Any CPU
		{935AB868-53AC-47A7-9AFA-76A91886EB34}.Release|x64.ActiveCfg = Release|Any CPU
		{935AB868-53AC-47A7-9AFA-76A91886EB34}.Release|x64.Build.0 = Release|Any CPU
		{935AB868-53AC-47A7-9AFA-76A91886EB34}.Release|x64.Deploy.0 = Release|Any CPU
		{935AB868-53AC-47A7-9AFA-76A91886EB34}.Release|x86.ActiveCfg = Release|Any CPU
		{935AB868-53AC-47A7-9AFA-76A91886EB34}.Release|x86.Build.0 = Release|Any CPU
		{935AB868-53AC-47A7-9AFA-76A91886EB34}.Release|x86.Deploy.0 = Release|Any CPU
	EndGlobalSection
	GlobalSection(SolutionProperties) = preSolution
		HideSolutionNode = FALSE
	EndGlobalSection
	GlobalSection(ExtensibilityGlobals) = postSolution
		SolutionGuid = {7765926A-35F9-4AD4-BA37-54B836009139}
	EndGlobalSection
EndGlobal
